
Microsoft Visual Studio Solution File, Format Version 12.00
# Visual Studio Express 2012 for Windows Phone
Project("{FAE04EC0-301F-11D3-BF4B-00C04F79EFBC}") = "InterWP8", "PhoneApp1\InterWP8.csproj", "{EB7B7A51-A1C1-436E-9F9B-A8C432354C45}"
EndProject
Project("{8BC9CEB8-8B4A-11D0-8D11-00A0C91BC942}") = "CppWINRT", "..\CppWINRT\CppWINRT\CppWINRT.vcxproj", "{94F16670-3783-40D8-98E8-8B25044105C3}"
EndProject
Global
	GlobalSection(SolutionConfigurationPlatforms) = preSolution
		Debug|Any CPU = Debug|Any CPU
		Debug|ARM = Debug|ARM
		Debug|Mixed Platforms = Debug|Mixed Platforms
		Debug|Win32 = Debug|Win32
		Debug|x86 = Debug|x86
		Release|Any CPU = Release|Any CPU
		Release|ARM = Release|ARM
		Release|Mixed Platforms = Release|Mixed Platforms
		Release|Win32 = Release|Win32
		Release|x86 = Release|x86
	EndGlobalSection
	GlobalSection(ProjectConfigurationPlatforms) = postSolution
		{EB7B7A51-A1C1-436E-9F9B-A8C432354C45}.Debug|Any CPU.ActiveCfg = Debug|Any CPU
		{EB7B7A51-A1C1-436E-9F9B-A8C432354C45}.Debug|Any CPU.Build.0 = Debug|Any CPU
		{EB7B7A51-A1C1-436E-9F9B-A8C432354C45}.Debug|Any CPU.Deploy.0 = Debug|Any CPU
		{EB7B7A51-A1C1-436E-9F9B-A8C432354C45}.Debug|ARM.ActiveCfg = Debug|ARM
		{EB7B7A51-A1C1-436E-9F9B-A8C432354C45}.Debug|ARM.Build.0 = Debug|ARM
		{EB7B7A51-A1C1-436E-9F9B-A8C432354C45}.Debug|ARM.Deploy.0 = Debug|ARM
		{EB7B7A51-A1C1-436E-9F9B-A8C432354C45}.Debug|Mixed Platforms.ActiveCfg = Debug|x86
		{EB7B7A51-A1C1-436E-9F9B-A8C432354C45}.Debug|Mixed Platforms.Build.0 = Debug|x86
		{EB7B7A51-A1C1-436E-9F9B-A8C432354C45}.Debug|Mixed Platforms.Deploy.0 = Debug|x86
		{EB7B7A51-A1C1-436E-9F9B-A8C432354C45}.Debug|Win32.ActiveCfg = Debug|x86
		{EB7B7A51-A1C1-436E-9F9B-A8C432354C45}.Debug|Win32.Build.0 = Debug|x86
		{EB7B7A51-A1C1-436E-9F9B-A8C432354C45}.Debug|Win32.Deploy.0 = Debug|x86
		{EB7B7A51-A1C1-436E-9F9B-A8C432354C45}.Debug|x86.ActiveCfg = Debug|x86
		{EB7B7A51-A1C1-436E-9F9B-A8C432354C45}.Debug|x86.Build.0 = Debug|x86
		{EB7B7A51-A1C1-436E-9F9B-A8C432354C45}.Debug|x86.Deploy.0 = Debug|x86
		{EB7B7A51-A1C1-436E-9F9B-A8C432354C45}.Release|Any CPU.ActiveCfg = Release|Any CPU
		{EB7B7A51-A1C1-436E-9F9B-A8C432354C45}.Release|Any CPU.Build.0 = Release|Any CPU
		{EB7B7A51-A1C1-436E-9F9B-A8C432354C45}.Release|Any CPU.Deploy.0 = Release|Any CPU
		{EB7B7A51-A1C1-436E-9F9B-A8C432354C45}.Release|ARM.ActiveCfg = Release|ARM
		{EB7B7A51-A1C1-436E-9F9B-A8C432354C45}.Release|ARM.Build.0 = Release|ARM
		{EB7B7A51-A1C1-436E-9F9B-A8C432354C45}.Release|ARM.Deploy.0 = Release|ARM
		{EB7B7A51-A1C1-436E-9F9B-A8C432354C45}.Release|Mixed Platforms.ActiveCfg = Release|x86
		{EB7B7A51-A1C1-436E-9F9B-A8C432354C45}.Release|Mixed Platforms.Build.0 = Release|x86
		{EB7B7A51-A1C1-436E-9F9B-A8C432354C45}.Release|Mixed Platforms.Deploy.0 = Release|x86
		{EB7B7A51-A1C1-436E-9F9B-A8C432354C45}.Release|Win32.ActiveCfg = Release|x86
		{EB7B7A51-A1C1-436E-9F9B-A8C432354C45}.Release|Win32.Build.0 = Release|x86
		{EB7B7A51-A1C1-436E-9F9B-A8C432354C45}.Release|Win32.Deploy.0 = Release|x86
		{EB7B7A51-A1C1-436E-9F9B-A8C432354C45}.Release|x86.ActiveCfg = Release|x86
		{EB7B7A51-A1C1-436E-9F9B-A8C432354C45}.Release|x86.Build.0 = Release|x86
		{EB7B7A51-A1C1-436E-9F9B-A8C432354C45}.Release|x86.Deploy.0 = Release|x86
		{94F16670-3783-40D8-98E8-8B25044105C3}.Debug|Any CPU.ActiveCfg = Debug|Win32
		{94F16670-3783-40D8-98E8-8B25044105C3}.Debug|ARM.ActiveCfg = Debug|ARM
		{94F16670-3783-40D8-98E8-8B25044105C3}.Debug|ARM.Build.0 = Debug|ARM
		{94F16670-3783-40D8-98E8-8B25044105C3}.Debug|Mixed Platforms.ActiveCfg = Debug|Win32
		{94F16670-3783-40D8-98E8-8B25044105C3}.Debug|Mixed Platforms.Build.0 = Debug|Win32
		{94F16670-3783-40D8-98E8-8B25044105C3}.Debug|Win32.ActiveCfg = Debug|Win32
		{94F16670-3783-40D8-98E8-8B25044105C3}.Debug|Win32.Build.0 = Debug|Win32
		{94F16670-3783-40D8-98E8-8B25044105C3}.Debug|x86.ActiveCfg = Debug|Win32
		{94F16670-3783-40D8-98E8-8B25044105C3}.Debug|x86.Build.0 = Debug|Win32
		{94F16670-3783-40D8-98E8-8B25044105C3}.Release|Any CPU.ActiveCfg = Release|Win32
		{94F16670-3783-40D8-98E8-8B25044105C3}.Release|ARM.ActiveCfg = Release|ARM
		{94F16670-3783-40D8-98E8-8B25044105C3}.Release|ARM.Build.0 = Release|ARM
		{94F16670-3783-40D8-98E8-8B25044105C3}.Release|Mixed Platforms.ActiveCfg = Release|Win32
		{94F16670-3783-40D8-98E8-8B25044105C3}.Release|Mixed Platforms.Build.0 = Release|Win32
		{94F16670-3783-40D8-98E8-8B25044105C3}.Release|Win32.ActiveCfg = Release|Win32
		{94F16670-3783-40D8-98E8-8B25044105C3}.Release|Win32.Build.0 = Release|Win32
		{94F16670-3783-40D8-98E8-8B25044105C3}.Release|x86.ActiveCfg = Release|Win32
		{94F16670-3783-40D8-98E8-8B25044105C3}.Release|x86.Build.0 = Release|Win32
	EndGlobalSection
	GlobalSection(SolutionProperties) = preSolution
		HideSolutionNode = FALSE
	EndGlobalSection
	GlobalSection(ExtensibilityGlobals) = postSolution
		SolutionGuid = {6A9691F7-AF4D-44CA-B312-C63FF0BEB006}
	EndGlobalSection
EndGlobal
